Microsoft Visual Studio Solution File, Format Version 12.00
# Visual Studio Version 17
VisualStudioVersion = 17.5.2.0
MinimumVisualStudioVersion = 10.0.40219.1
Project("{FAE04EC0-301F-11D3-BF4B-00C04F79EFBC}") = "Cenitu.Security.Fluent", "Cenitu.Security.Fluent.csproj", "{BF0EAF82-BC09-D2BD-3178-F0252ABF23A8}"
EndProject
Global
	GlobalSection(SolutionConfigurationPlatforms) = preSolution
		Debug|Any CPU = Debug|Any CPU
		Release|Any CPU = Release|Any CPU
	EndGlobalSection
	GlobalSection(ProjectConfigurationPlatforms) = postSolution
		{BF0EAF82-BC09-D2BD-3178-F0252ABF23A8}.Debug|Any CPU.ActiveCfg = Debug|Any CPU
		{BF0EAF82-BC09-D2BD-3178-F0252ABF23A8}.Debug|Any CPU.Build.0 = Debug|Any CPU
		{BF0EAF82-BC09-D2BD-3178-F0252ABF23A8}.Release|Any CPU.ActiveCfg = Release|Any CPU
		{BF0EAF82-BC09-D2BD-3178-F0252ABF23A8}.Release|Any CPU.Build.0 = Release|Any CPU
	EndGlobalSection
	GlobalSection(SolutionProperties) = preSolution
		HideSolutionNode = FALSE
	EndGlobalSection
	GlobalSection(ExtensibilityGlobals) = postSolution
		SolutionGuid = {DF2BD02E-BBC1-427B-A1A4-7CD39EFA492E}
	EndGlobalSection
EndGlobal
