{
  "name": "asp.net",
  "version": "1.0.0",
  "lockfileVersion": 3,
  "requires": true,
  "packages": {
    "": {
      "name": "asp.net",
      "version": "1.0.0",
      "devDependencies": {
        "@syncfusion/ej2-js-es5": "^29.1.33"
      }
    },
    "node_modules/@syncfusion/ej2-js-es5": {
      "version": "29.1.33",
      "resolved": "https://registry.npmjs.org/@syncfusion/ej2-js-es5/-/ej2-js-es5-29.1.33.tgz",
      "integrity": "sha512-UdKwZAzjv1bxISocLQHpGvz3aKo9BDZuiIF7dE5SazwAtaQ1Xg8CVUzJW95HhPad8WrGliUeIVXtn3Ftqvh7YQ==",
      "dev": true,
      "license": "SEE LICENSE IN license"
    }
  }
}
